{
  "name": "@kokomi/w3g-parser-browser",
  "version": "0.0.1",
  "lockfileVersion": 2,
  "requires": true,
  "packages": {
    "": {
      "name": "@kokomi/w3g-parser-browser",
      "version": "0.0.1",
      "license": "MIT",
      "dependencies": {
        "pako": "^2.0.4"
      },
      "devDependencies": {
        "@types/pako": "^2.0.0",
        "@typescript/lib-dom": "npm:@types/web@^0.0.75",
        "typescript": "^4.8.3"
      }
    },
    "node_modules/@types/pako": {
      "version": "2.0.0",
      "resolved": "https://registry.npmjs.org/@types/pako/-/pako-2.0.0.tgz",
      "integrity": "sha512-10+iaz93qR5WYxTo+PMifD5TSxiOtdRaxBf7INGGXMQgTCu8Z/7GYWYFUOS3q/G0nE5boj1r4FEB+WSy7s5gbA==",
      "dev": true
    },
    "node_modules/@typescript/lib-dom": {
      "name": "@types/web",
      "version": "0.0.75",
      "resolved": "https://registry.npmjs.org/@types/web/-/web-0.0.75.tgz",
      "integrity": "sha512-42MBIWop5E6TENKBwwMONJfctJsHc5o1k6Fn3FOXsPz892cW6wuiWGPvQh+Tle+yaAMaIpRsdOnlFMDKUKkdGw==",
      "dev": true
    },
    "node_modules/pako": {
      "version": "2.0.4",
      "resolved": "https://registry.npmjs.org/pako/-/pako-2.0.4.tgz",
      "integrity": "sha512-v8tweI900AUkZN6heMU/4Uy4cXRc2AYNRggVmTR+dEncawDJgCdLMximOVA2p4qO57WMynangsfGRb5WD6L1Bg=="
    },
    "node_modules/typescript": {
      "version": "4.8.3",
      "resolved": "https://registry.npmjs.org/typescript/-/typescript-4.8.3.tgz",
      "integrity": "sha512-goMHfm00nWPa8UvR/CPSvykqf6dVV8x/dp0c5mFTMTIu0u0FlGWRioyy7Nn0PGAdHxpJZnuO/ut+PpQ8UiHAig==",
      "dev": true,
      "bin": {
        "tsc": "bin/tsc",
        "tsserver": "bin/tsserver"
      },
      "engines": {
        "node": ">=4.2.0"
      }
    }
  },
  "dependencies": {
    "@types/pako": {
      "version": "2.0.0",
      "resolved": "https://registry.npmjs.org/@types/pako/-/pako-2.0.0.tgz",
      "integrity": "sha512-10+iaz93qR5WYxTo+PMifD5TSxiOtdRaxBf7INGGXMQgTCu8Z/7GYWYFUOS3q/G0nE5boj1r4FEB+WSy7s5gbA==",
      "dev": true
    },
    "@typescript/lib-dom": {
      "version": "npm:@types/web@0.0.75",
      "resolved": "https://registry.npmjs.org/@types/web/-/web-0.0.75.tgz",
      "integrity": "sha512-42MBIWop5E6TENKBwwMONJfctJsHc5o1k6Fn3FOXsPz892cW6wuiWGPvQh+Tle+yaAMaIpRsdOnlFMDKUKkdGw==",
      "dev": true
    },
    "pako": {
      "version": "2.0.4",
      "resolved": "https://registry.npmjs.org/pako/-/pako-2.0.4.tgz",
      "integrity": "sha512-v8tweI900AUkZN6heMU/4Uy4cXRc2AYNRggVmTR+dEncawDJgCdLMximOVA2p4qO57WMynangsfGRb5WD6L1Bg=="
    },
    "typescript": {
      "version": "4.8.3",
      "resolved": "https://registry.npmjs.org/typescript/-/typescript-4.8.3.tgz",
      "integrity": "sha512-goMHfm00nWPa8UvR/CPSvykqf6dVV8x/dp0c5mFTMTIu0u0FlGWRioyy7Nn0PGAdHxpJZnuO/ut+PpQ8UiHAig==",
      "dev": true
    }
  }
}
